// !$*UTF8*$!
{
	archiveVersion = 1;
	classes = {
	};
	objectVersion = 56;
	objects = {

/* Begin PBXBuildFile section */
		9D00CF3829B1F20D00A44A70 /* 顺序栈-顺序表模拟栈.cpp in Sources */ = {isa = PBXBuildFile; fileRef = 9D00CF3729B1F20D00A44A70 /* 顺序栈-顺序表模拟栈.cpp */; };
		9D034E4229D13BB900F5CC2C /* 中缀表达式的计算.cpp in Sources */ = {isa = PBXBuildFile; fileRef = 9D034E4129D13BB900F5CC2C /* 中缀表达式的计算.cpp */; };
		9D29E77B29B9874A009B69CF /* 链表实现队列.cpp in Sources */ = {isa = PBXBuildFile; fileRef = 9D29E77A29B9874A009B69CF /* 链表实现队列.cpp */; };
		9D31F49629A6114C00C9C52A /* 顺序表.cpp in Sources */ = {isa = PBXBuildFile; fileRef = 9D31F49529A6114C00C9C52A /* 顺序表.cpp */; };
		9D31F4A229A6121500C9C52A /* 单链表.cpp in Sources */ = {isa = PBXBuildFile; fileRef = 9D31F4A129A6121500C9C52A /* 单链表.cpp */; };
		9D4EDF9829CF114200A1317F /* 中缀表达式转换后缀表达式.cpp in Sources */ = {isa = PBXBuildFile; fileRef = 9D4EDF9729CF114200A1317F /* 中缀表达式转换后缀表达式.cpp */; };
		9D52F31B29C54EE20094B308 /* 后缀表达式的计算（栈模拟）.cpp in Sources */ = {isa = PBXBuildFile; fileRef = 9D52F31A29C54EE20094B308 /* 后缀表达式的计算（栈模拟）.cpp */; };
		9D68511129B61C83002566C2 /* 链表模拟栈的基本操作.cpp in Sources */ = {isa = PBXBuildFile; fileRef = 9D68511029B61C83002566C2 /* 链表模拟栈的基本操作.cpp */; };
		9D76ED0B29B7670D0095262F /* 顺序表实现队列.cpp in Sources */ = {isa = PBXBuildFile; fileRef = 9D76ED0A29B7670D0095262F /* 顺序表实现队列.cpp */; };
		9D7ED8C729C17556008379D9 /* 括号匹配操作.cpp in Sources */ = {isa = PBXBuildFile; fileRef = 9D7ED8C629C17556008379D9 /* 括号匹配操作.cpp */; };
		9D868E9629ADF6F900A70504 /* 双链表.cpp in Sources */ = {isa = PBXBuildFile; fileRef = 9D868E9529ADF6F900A70504 /* 双链表.cpp */; };
		9D868E9829AE078600A70504 /* 循环链表.cpp in Sources */ = {isa = PBXBuildFile; fileRef = 9D868E9729AE078600A70504 /* 循环链表.cpp */; };
		9D868E9A29AE079200A70504 /* 静态链表.cpp in Sources */ = {isa = PBXBuildFile; fileRef = 9D868E9929AE079200A70504 /* 静态链表.cpp */; };
/* End PBXBuildFile section */

/* Begin PBXCopyFilesBuildPhase section */
		9D31F49029A6114C00C9C52A /* CopyFiles */ = {
			isa = PBXCopyFilesBuildPhase;
			buildActionMask = 2147483647;
			dstPath = /usr/share/man/man1/;
			dstSubfolderSpec = 0;
			files = (
			);
			runOnlyForDeploymentPostprocessing = 1;
		};
/* End PBXCopyFilesBuildPhase section */

/* Begin PBXFileReference section */
		9D00CF3729B1F20D00A44A70 /* 顺序栈-顺序表模拟栈.cpp */ = {isa = PBXFileReference; lastKnownFileType = sourcecode.cpp.cpp; path = "顺序栈-顺序表模拟栈.cpp"; sourceTree = "<group>"; };
		9D034E4129D13BB900F5CC2C /* 中缀表达式的计算.cpp */ = {isa = PBXFileReference; lastKnownFileType = sourcecode.cpp.cpp; path = "中缀表达式的计算.cpp"; sourceTree = "<group>"; };
		9D29E77A29B9874A009B69CF /* 链表实现队列.cpp */ = {isa = PBXFileReference; lastKnownFileType = sourcecode.cpp.cpp; path = "链表实现队列.cpp"; sourceTree = "<group>"; };
		9D31F49229A6114C00C9C52A /* dataType */ = {isa = PBXFileReference; explicitFileType = "compiled.mach-o.executable"; includeInIndex = 0; path = dataType; sourceTree = BUILT_PRODUCTS_DIR; };
		9D31F49529A6114C00C9C52A /* 顺序表.cpp */ = {isa = PBXFileReference; lastKnownFileType = sourcecode.cpp.cpp; path = "顺序表.cpp"; sourceTree = "<group>"; };
		9D31F4A129A6121500C9C52A /* 单链表.cpp */ = {isa = PBXFileReference; fileEncoding = 4; lastKnownFileType = sourcecode.cpp.cpp; path = "单链表.cpp"; sourceTree = "<group>"; };
		9D4EDF9729CF114200A1317F /* 中缀表达式转换后缀表达式.cpp */ = {isa = PBXFileReference; lastKnownFileType = sourcecode.cpp.cpp; path = "中缀表达式转换后缀表达式.cpp"; sourceTree = "<group>"; };
		9D52F31A29C54EE20094B308 /* 后缀表达式的计算（栈模拟）.cpp */ = {isa = PBXFileReference; lastKnownFileType = sourcecode.cpp.cpp; path = "后缀表达式的计算（栈模拟）.cpp"; sourceTree = "<group>"; };
		9D68511029B61C83002566C2 /* 链表模拟栈的基本操作.cpp */ = {isa = PBXFileReference; lastKnownFileType = sourcecode.cpp.cpp; path = "链表模拟栈的基本操作.cpp"; sourceTree = "<group>"; };
		9D76ED0A29B7670D0095262F /* 顺序表实现队列.cpp */ = {isa = PBXFileReference; lastKnownFileType = sourcecode.cpp.cpp; path = "顺序表实现队列.cpp"; sourceTree = "<group>"; };
		9D7ED8C629C17556008379D9 /* 括号匹配操作.cpp */ = {isa = PBXFileReference; lastKnownFileType = sourcecode.cpp.cpp; path = "括号匹配操作.cpp"; sourceTree = "<group>"; };
		9D868E9529ADF6F900A70504 /* 双链表.cpp */ = {isa = PBXFileReference; lastKnownFileType = sourcecode.cpp.cpp; path = "双链表.cpp"; sourceTree = "<group>"; };
		9D868E9729AE078600A70504 /* 循环链表.cpp */ = {isa = PBXFileReference; lastKnownFileType = sourcecode.cpp.cpp; path = "循环链表.cpp"; sourceTree = "<group>"; };
		9D868E9929AE079200A70504 /* 静态链表.cpp */ = {isa = PBXFileReference; lastKnownFileType = sourcecode.cpp.cpp; path = "静态链表.cpp"; sourceTree = "<group>"; };
/* End PBXFileReference section */

/* Begin PBXFrameworksBuildPhase section */
		9D31F48F29A6114C00C9C52A /* Frameworks */ = {
			isa = PBXFrameworksBuildPhase;
			buildActionMask = 2147483647;
			files = (
			);
			runOnlyForDeploymentPostprocessing = 0;
		};
/* End PBXFrameworksBuildPhase section */

/* Begin PBXGroup section */
		9D31F48929A6114C00C9C52A = {
			isa = PBXGroup;
			children = (
				9D31F49429A6114C00C9C52A /* dataType */,
				9D31F49329A6114C00C9C52A /* Products */,
			);
			sourceTree = "<group>";
		};
		9D31F49329A6114C00C9C52A /* Products */ = {
			isa = PBXGroup;
			children = (
				9D31F49229A6114C00C9C52A /* dataType */,
			);
			name = Products;
			sourceTree = "<group>";
		};
		9D31F49429A6114C00C9C52A /* dataType */ = {
			isa = PBXGroup;
			children = (
				9D868E9C29AE07FC00A70504 /* 栈，队列，数组 */,
				9D868E9B29AE07BB00A70504 /* 线性表 */,
			);
			path = dataType;
			sourceTree = "<group>";
		};
		9D868E9B29AE07BB00A70504 /* 线性表 */ = {
			isa = PBXGroup;
			children = (
				9D31F49529A6114C00C9C52A /* 顺序表.cpp */,
				9D31F4A129A6121500C9C52A /* 单链表.cpp */,
				9D868E9529ADF6F900A70504 /* 双链表.cpp */,
				9D868E9729AE078600A70504 /* 循环链表.cpp */,
				9D868E9929AE079200A70504 /* 静态链表.cpp */,
			);
			path = "线性表";
			sourceTree = "<group>";
		};
		9D868E9C29AE07FC00A70504 /* 栈，队列，数组 */ = {
			isa = PBXGroup;
			children = (
				9D00CF3729B1F20D00A44A70 /* 顺序栈-顺序表模拟栈.cpp */,
				9D68511029B61C83002566C2 /* 链表模拟栈的基本操作.cpp */,
				9D76ED0A29B7670D0095262F /* 顺序表实现队列.cpp */,
				9D29E77A29B9874A009B69CF /* 链表实现队列.cpp */,
				9D7ED8C629C17556008379D9 /* 括号匹配操作.cpp */,
				9D52F31A29C54EE20094B308 /* 后缀表达式的计算（栈模拟）.cpp */,
				9D4EDF9729CF114200A1317F /* 中缀表达式转换后缀表达式.cpp */,
				9D034E4129D13BB900F5CC2C /* 中缀表达式的计算.cpp */,
			);
			path = "栈，队列，数组";
			sourceTree = "<group>";
		};
/* End PBXGroup section */

/* Begin PBXNativeTarget section */
		9D31F49129A6114C00C9C52A /* dataType */ = {
			isa = PBXNativeTarget;
			buildConfigurationList = 9D31F49929A6114C00C9C52A /* Build configuration list for PBXNativeTarget "dataType" */;
			buildPhases = (
				9D31F48E29A6114C00C9C52A /* Sources */,
				9D31F48F29A6114C00C9C52A /* Frameworks */,
				9D31F49029A6114C00C9C52A /* CopyFiles */,
			);
			buildRules = (
			);
			dependencies = (
			);
			name = dataType;
			productName = dataType;
			productReference = 9D31F49229A6114C00C9C52A /* dataType */;
			productType = "com.apple.product-type.tool";
		};
/* End PBXNativeTarget section */

/* Begin PBXProject section */
		9D31F48A29A6114C00C9C52A /* Project object */ = {
			isa = PBXProject;
			attributes = {
				BuildIndependentTargetsInParallel = 1;
				LastUpgradeCheck = 1420;
				TargetAttributes = {
					9D31F49129A6114C00C9C52A = {
						CreatedOnToolsVersion = 14.2;
					};
				};
			};
			buildConfigurationList = 9D31F48D29A6114C00C9C52A /* Build configuration list for PBXProject "dataType" */;
			compatibilityVersion = "Xcode 14.0";
			developmentRegion = en;
			hasScannedForEncodings = 0;
			knownRegions = (
				en,
				Base,
			);
			mainGroup = 9D31F48929A6114C00C9C52A;
			productRefGroup = 9D31F49329A6114C00C9C52A /* Products */;
			projectDirPath = "";
			projectRoot = "";
			targets = (
				9D31F49129A6114C00C9C52A /* dataType */,
			);
		};
/* End PBXProject section */

/* Begin PBXSourcesBuildPhase section */
		9D31F48E29A6114C00C9C52A /* Sources */ = {
			isa = PBXSourcesBuildPhase;
			buildActionMask = 2147483647;
			files = (
				9D868E9829AE078600A70504 /* 循环链表.cpp in Sources */,
				9D76ED0B29B7670D0095262F /* 顺序表实现队列.cpp in Sources */,
				9D868E9629ADF6F900A70504 /* 双链表.cpp in Sources */,
				9D31F4A229A6121500C9C52A /* 单链表.cpp in Sources */,
				9D4EDF9829CF114200A1317F /* 中缀表达式转换后缀表达式.cpp in Sources */,
				9D868E9A29AE079200A70504 /* 静态链表.cpp in Sources */,
				9D00CF3829B1F20D00A44A70 /* 顺序栈-顺序表模拟栈.cpp in Sources */,
				9D29E77B29B9874A009B69CF /* 链表实现队列.cpp in Sources */,
				9D034E4229D13BB900F5CC2C /* 中缀表达式的计算.cpp in Sources */,
				9D31F49629A6114C00C9C52A /* 顺序表.cpp in Sources */,
				9D52F31B29C54EE20094B308 /* 后缀表达式的计算（栈模拟）.cpp in Sources */,
				9D68511129B61C83002566C2 /* 链表模拟栈的基本操作.cpp in Sources */,
				9D7ED8C729C17556008379D9 /* 括号匹配操作.cpp in Sources */,
			);
			runOnlyForDeploymentPostprocessing = 0;
		};
/* End PBXSourcesBuildPhase section */

/* Begin XCBuildConfiguration section */
		9D31F49729A6114C00C9C52A /* Debug */ = {
			isa = XCBuildConfiguration;
			buildSettings = {
				ALWAYS_SEARCH_USER_PATHS = NO;
				CLANG_ANALYZER_NONNULL = YES;
				CLANG_ANALYZER_NUMBER_OBJECT_CONVERSION = YES_AGGRESSIVE;
				CLANG_CXX_LANGUAGE_STANDARD = "gnu++20";
				CLANG_ENABLE_MODULES = YES;
				CLANG_ENABLE_OBJC_ARC = YES;
				CLANG_ENABLE_OBJC_WEAK = YES;
				CLANG_WARN_BLOCK_CAPTURE_AUTORELEASING = YES;
				CLANG_WARN_BOOL_CONVERSION = YES;
				CLANG_WARN_COMMA = YES;
				CLANG_WARN_CONSTANT_CONVERSION = YES;
				CLANG_WARN_DEPRECATED_OBJC_IMPLEMENTATIONS = YES;
				CLANG_WARN_DIRECT_OBJC_ISA_USAGE = YES_ERROR;
				CLANG_WARN_DOCUMENTATION_COMMENTS = YES;
				CLANG_WARN_EMPTY_BODY = YES;
				CLANG_WARN_ENUM_CONVERSION = YES;
				CLANG_WARN_INFINITE_RECURSION = YES;
				CLANG_WARN_INT_CONVERSION = YES;
				CLANG_WARN_NON_LITERAL_NULL_CONVERSION = YES;
				CLANG_WARN_OBJC_IMPLICIT_RETAIN_SELF = YES;
				CLANG_WARN_OBJC_LITERAL_CONVERSION = YES;
				CLANG_WARN_OBJC_ROOT_CLASS = YES_ERROR;
				CLANG_WARN_QUOTED_INCLUDE_IN_FRAMEWORK_HEADER = YES;
				CLANG_WARN_RANGE_LOOP_ANALYSIS = YES;
				CLANG_WARN_STRICT_PROTOTYPES = YES;
				CLANG_WARN_SUSPICIOUS_MOVE = YES;
				CLANG_WARN_UNGUARDED_AVAILABILITY = YES_AGGRESSIVE;
				CLANG_WARN_UNREACHABLE_CODE = YES;
				CLANG_WARN__DUPLICATE_METHOD_MATCH = YES;
				COPY_PHASE_STRIP = NO;
				DEBUG_INFORMATION_FORMAT = dwarf;
				ENABLE_STRICT_OBJC_MSGSEND = YES;
				ENABLE_TESTABILITY = YES;
				GCC_C_LANGUAGE_STANDARD = gnu11;
				GCC_DYNAMIC_NO_PIC = NO;
				GCC_NO_COMMON_BLOCKS = YES;
				GCC_OPTIMIZATION_LEVEL = 0;
				GCC_PREPROCESSOR_DEFINITIONS = (
					"DEBUG=1",
					"$(inherited)",
				);
				GCC_WARN_64_TO_32_BIT_CONVERSION = YES;
				GCC_WARN_ABOUT_RETURN_TYPE = YES_ERROR;
				GCC_WARN_UNDECLARED_SELECTOR = YES;
				GCC_WARN_UNINITIALIZED_AUTOS = YES_AGGRESSIVE;
				GCC_WARN_UNUSED_FUNCTION = YES;
				GCC_WARN_UNUSED_VARIABLE = YES;
				MACOSX_DEPLOYMENT_TARGET = 13.1;
				MTL_ENABLE_DEBUG_INFO = INCLUDE_SOURCE;
				MTL_FAST_MATH = YES;
				ONLY_ACTIVE_ARCH = YES;
				SDKROOT = macosx;
			};
			name = Debug;
		};
		9D31F49829A6114C00C9C52A /* Release */ = {
			isa = XCBuildConfiguration;
			buildSettings = {
				ALWAYS_SEARCH_USER_PATHS = NO;
				CLANG_ANALYZER_NONNULL = YES;
				CLANG_ANALYZER_NUMBER_OBJECT_CONVERSION = YES_AGGRESSIVE;
				CLANG_CXX_LANGUAGE_STANDARD = "gnu++20";
				CLANG_ENABLE_MODULES = YES;
				CLANG_ENABLE_OBJC_ARC = YES;
				CLANG_ENABLE_OBJC_WEAK = YES;
				CLANG_WARN_BLOCK_CAPTURE_AUTORELEASING = YES;
				CLANG_WARN_BOOL_CONVERSION = YES;
				CLANG_WARN_COMMA = YES;
				CLANG_WARN_CONSTANT_CONVERSION = YES;
				CLANG_WARN_DEPRECATED_OBJC_IMPLEMENTATIONS = YES;
				CLANG_WARN_DIRECT_OBJC_ISA_USAGE = YES_ERROR;
				CLANG_WARN_DOCUMENTATION_COMMENTS = YES;
				CLANG_WARN_EMPTY_BODY = YES;
				CLANG_WARN_ENUM_CONVERSION = YES;
				CLANG_WARN_INFINITE_RECURSION = YES;
				CLANG_WARN_INT_CONVERSION = YES;
				CLANG_WARN_NON_LITERAL_NULL_CONVERSION = YES;
				CLANG_WARN_OBJC_IMPLICIT_RETAIN_SELF = YES;
				CLANG_WARN_OBJC_LITERAL_CONVERSION = YES;
				CLANG_WARN_OBJC_ROOT_CLASS = YES_ERROR;
				CLANG_WARN_QUOTED_INCLUDE_IN_FRAMEWORK_HEADER = YES;
				CLANG_WARN_RANGE_LOOP_ANALYSIS = YES;
				CLANG_WARN_STRICT_PROTOTYPES = YES;
				CLANG_WARN_SUSPICIOUS_MOVE = YES;
				CLANG_WARN_UNGUARDED_AVAILABILITY = YES_AGGRESSIVE;
				CLANG_WARN_UNREACHABLE_CODE = YES;
				CLANG_WARN__DUPLICATE_METHOD_MATCH = YES;
				COPY_PHASE_STRIP = NO;
				DEBUG_INFORMATION_FORMAT = "dwarf-with-dsym";
				ENABLE_NS_ASSERTIONS = NO;
				ENABLE_STRICT_OBJC_MSGSEND = YES;
				GCC_C_LANGUAGE_STANDARD = gnu11;
				GCC_NO_COMMON_BLOCKS = YES;
				GCC_WARN_64_TO_32_BIT_CONVERSION = YES;
				GCC_WARN_ABOUT_RETURN_TYPE = YES_ERROR;
				GCC_WARN_UNDECLARED_SELECTOR = YES;
				GCC_WARN_UNINITIALIZED_AUTOS = YES_AGGRESSIVE;
				GCC_WARN_UNUSED_FUNCTION = YES;
				GCC_WARN_UNUSED_VARIABLE = YES;
				MACOSX_DEPLOYMENT_TARGET = 13.1;
				MTL_ENABLE_DEBUG_INFO = NO;
				MTL_FAST_MATH = YES;
				SDKROOT = macosx;
			};
			name = Release;
		};
		9D31F49A29A6114C00C9C52A /* Debug */ = {
			isa = XCBuildConfiguration;
			buildSettings = {
				CODE_SIGN_STYLE = Automatic;
				PRODUCT_NAME = "$(TARGET_NAME)";
			};
			name = Debug;
		};
		9D31F49B29A6114C00C9C52A /* Release */ = {
			isa = XCBuildConfiguration;
			buildSettings = {
				CODE_SIGN_STYLE = Automatic;
				PRODUCT_NAME = "$(TARGET_NAME)";
			};
			name = Release;
		};
/* End XCBuildConfiguration section */

/* Begin XCConfigurationList section */
		9D31F48D29A6114C00C9C52A /* Build configuration list for PBXProject "dataType" */ = {
			isa = XCConfigurationList;
			buildConfigurations = (
				9D31F49729A6114C00C9C52A /* Debug */,
				9D31F49829A6114C00C9C52A /* Release */,
			);
			defaultConfigurationIsVisible = 0;
			defaultConfigurationName = Release;
		};
		9D31F49929A6114C00C9C52A /* Build configuration list for PBXNativeTarget "dataType" */ = {
			isa = XCConfigurationList;
			buildConfigurations = (
				9D31F49A29A6114C00C9C52A /* Debug */,
				9D31F49B29A6114C00C9C52A /* Release */,
			);
			defaultConfigurationIsVisible = 0;
			defaultConfigurationName = Release;
		};
/* End XCConfigurationList section */
	};
	rootObject = 9D31F48A29A6114C00C9C52A /* Project object */;
}
